<?xml version="1.0" encoding="utf-8"?>
<Project ToolsVersion="4.0" xmlns="http://schemas.microsoft.com/developer/msbuild/2003">
  <ItemGroup>
    <Filter Include="Source Files">
      <UniqueIdentifier>{4FC737F1-C7A5-4376-A066-2A32D752A2FF}</UniqueIdentifier>
      <Extensions>cpp;c;cc;cxx;c++;def;odl;idl;hpj;bat;asm;asmx</Extensions>
    </Filter>
    <Filter Include="Header Files">
      <UniqueIdentifier>{93995380-89BD-4b04-88EB-625FBE52EBFB}</UniqueIdentifier>
      <Extensions>h;hh;hpp;hxx;h++;hm;inl;inc;ipp;xsd</Extensions>
    </Filter>
    <Filter Include="Resource Files">
      <UniqueIdentifier>{67DA6AB6-F800-4c08-8B7A-83BB121AAD01}</UniqueIdentifier>
      <Extensions>rc;ico;cur;bmp;dlg;rc2;rct;bin;rgs;gif;jpg;jpeg;jpe;resx;tiff;tif;png;wav;mfcribbon-ms</Extensions>
    </Filter>
    <Filter Include="Header Files\RenderPasses">
      <UniqueIdentifier>{852d03f2-27f7-412c-a720-8926f5ec5f28}</UniqueIdentifier>
    </Filter>
    <Filter Include="Header Files\Main">
      <UniqueIdentifier>{f6dff875-afa1-41b6-a5b0-9be368105d6b}</UniqueIdentifier>
    </Filter>
    <Filter Include="Header Files\Resources">
      <UniqueIdentifier>{252fbf00-8ee6-4157-baa5-e08d747c93aa}</UniqueIdentifier>
    </Filter>
    <Filter Include="Header Files\Utilities">
      <UniqueIdentifier>{a7ec8e93-1ff2-4b7c-875b-f9eebc90936d}</UniqueIdentifier>
    </Filter>
  </ItemGroup>
  <ItemGroup>
    <ClInclude Include="include\api\RenderPass.h">
      <Filter>Header Files\RenderPasses</Filter>
    </ClInclude>
    <ClInclude Include="include\api\RenderPass_HelloTriangle.h">
      <Filter>Header Files\RenderPasses</Filter>
    </ClInclude>
    <ClInclude Include="include\api\BlurpEngine.h">
      <Filter>Header Files\Main</Filter>
    </ClInclude>
    <ClInclude Include="include\api\RenderDevice.h">
      <Filter>Header Files\Main</Filter>
    </ClInclude>
    <ClInclude Include="include\api\Settings.h">
      <Filter>Header Files\Main</Filter>
    </ClInclude>
    <ClInclude Include="include\api\Camera.h">
      <Filter>Header Files\Resources</Filter>
    </ClInclude>
    <ClInclude Include="include\api\Light.h">
      <Filter>Header Files\Resources</Filter>
    </ClInclude>
    <ClInclude Include="include\api\Material.h">
      <Filter>Header Files\Resources</Filter>
    </ClInclude>
    <ClInclude Include="include\api\Mesh.h">
      <Filter>Header Files\Resources</Filter>
    </ClInclude>
    <ClInclude Include="include\api\SwapChain.h">
      <Filter>Header Files\Resources</Filter>
    </ClInclude>
    <ClInclude Include="include\api\RenderTarget.h">
      <Filter>Header Files\Resources</Filter>
    </ClInclude>
    <ClInclude Include="include\api\Window.h">
      <Filter>Header Files\Resources</Filter>
    </ClInclude>
    <ClInclude Include="include\api\Texture.h">
      <Filter>Header Files\Resources</Filter>
    </ClInclude>
    <ClInclude Include="include\internal\Window_Win32.h">
      <Filter>Header Files\Resources</Filter>
    </ClInclude>
    <ClInclude Include="include\internal\opengl\SwapChain_GL_Win32.h">
      <Filter>Header Files\Resources</Filter>
    </ClInclude>
    <ClInclude Include="include\internal\opengl\RenderTarget_GL.h">
      <Filter>Header Files\Resources</Filter>
    </ClInclude>
    <ClInclude Include="include\api\RenderResource.h">
      <Filter>Header Files\Resources</Filter>
    </ClInclude>
    <ClInclude Include="include\internal\opengl\RenderDevice_GL.h">
      <Filter>Header Files\Main</Filter>
    </ClInclude>
    <ClInclude Include="include\api\InputQueue.h">
      <Filter>Header Files\Utilities</Filter>
    </ClInclude>
    <ClInclude Include="include\api\KeyCodes.h">
      <Filter>Header Files\Utilities</Filter>
    </ClInclude>
    <ClInclude Include="include\api\Mouse.h">
      <Filter>Header Files\Utilities</Filter>
    </ClInclude>
    <ClInclude Include="include\internal\opengl\RenderPass_HelloTriangle_GL.h">
      <Filter>Header Files\RenderPasses</Filter>
    </ClInclude>
    <ClInclude Include="include\internal\opengl\RenderPipeline_GL.h">
      <Filter>Header Files\Main</Filter>
    </ClInclude>
    <ClInclude Include="include\api\RenderPipeline.h">
      <Filter>Header Files\Main</Filter>
    </ClInclude>
    <ClInclude Include="include\api\RenderResourceManager.h">
      <Filter>Header Files\Resources</Filter>
    </ClInclude>
    <ClInclude Include="include\api\Shader.h">
      <Filter>Header Files</Filter>
    </ClInclude>
    <ClInclude Include="include\internal\opengl\Shader_GL.h">
      <Filter>Header Files</Filter>
    </ClInclude>
    <ClInclude Include="include\internal\opengl\Texture_GL.h">
      <Filter>Header Files</Filter>
    </ClInclude>
    <ClInclude Include="include\internal\opengl\GLUtils.h">
      <Filter>Header Files</Filter>
    </ClInclude>
    <ClInclude Include="include\internal\opengl\Mesh_GL.h">
      <Filter>Header Files</Filter>
    </ClInclude>
    <ClInclude Include="include\api\Transform.h">
      <Filter>Header Files</Filter>
    </ClInclude>
    <ClInclude Include="include\internal\FileReader.h">
      <Filter>Header Files</Filter>
    </ClInclude>
    <ClInclude Include="include\api\RenderPass_Forward.h">
      <Filter>Header Files</Filter>
    </ClInclude>
    <ClInclude Include="include\internal\opengl\RenderPass_Forward_GL.h">
      <Filter>Header Files</Filter>
    </ClInclude>
    <ClInclude Include="include\api\Lockable.h">
      <Filter>Header Files</Filter>
    </ClInclude>
    <ClInclude Include="include\api\ResourceLock.h">
      <Filter>Header Files</Filter>
    </ClInclude>
    <ClInclude Include="include\internal\opengl\GpuBuffer_GL.h">
      <Filter>Header Files</Filter>
    </ClInclude>
    <ClInclude Include="include\api\GpuBuffer.h">
      <Filter>Header Files</Filter>
    </ClInclude>
    <ClInclude Include="include\api\ShaderCache.h">
      <Filter>Header Files</Filter>
    </ClInclude>
    <ClInclude Include="include\api\MaterialBatch.h">
      <Filter>Header Files</Filter>
    </ClInclude>
    <ClInclude Include="include\internal\opengl\MaterialBatch_GL.h">
      <Filter>Header Files</Filter>
    </ClInclude>
    <ClInclude Include="include\api\LockType.h">
      <Filter>Header Files</Filter>
    </ClInclude>
  </ItemGroup>
  <ItemGroup>
    <ClCompile Include="src\BlurpEngine.cpp">
      <Filter>Source Files</Filter>
    </ClCompile>
    <ClCompile Include="src\Window.cpp">
      <Filter>Source Files</Filter>
    </ClCompile>
    <ClCompile Include="src\Window_Win32.cpp">
      <Filter>Source Files</Filter>
    </ClCompile>
    <ClCompile Include="src\InputQueue.cpp">
      <Filter>Source Files</Filter>
    </ClCompile>
    <ClCompile Include="src\Mouse.cpp">
      <Filter>Source Files</Filter>
    </ClCompile>
    <ClCompile Include="src\RenderDevice_GL.cpp">
      <Filter>Source Files</Filter>
    </ClCompile>
    <ClCompile Include="src\RenderTarget_GL.cpp">
      <Filter>Source Files</Filter>
    </ClCompile>
    <ClCompile Include="src\SwapChain_GL_Win32.cpp">
      <Filter>Source Files</Filter>
    </ClCompile>
    <ClCompile Include="src\RenderDevice.cpp">
      <Filter>Source Files</Filter>
    </ClCompile>
    <ClCompile Include="src\RenderPipeline.cpp">
      <Filter>Source Files</Filter>
    </ClCompile>
    <ClCompile Include="src\RenderResourceManager.cpp">
      <Filter>Source Files</Filter>
    </ClCompile>
    <ClCompile Include="src\RenderPass_HelloTriangle_GL.cpp">
      <Filter>Source Files</Filter>
    </ClCompile>
    <ClCompile Include="src\RenderPipeline_GL.cpp">
      <Filter>Source Files</Filter>
    </ClCompile>
    <ClCompile Include="src\RenderPass_HelloTriangle.cpp">
      <Filter>Source Files</Filter>
    </ClCompile>
    <ClCompile Include="src\Texture.cpp">
      <Filter>Source Files</Filter>
    </ClCompile>
    <ClCompile Include="src\Shader_GL.cpp">
      <Filter>Source Files</Filter>
    </ClCompile>
    <ClCompile Include="src\RenderPass.cpp">
      <Filter>Source Files</Filter>
    </ClCompile>
    <ClCompile Include="src\Texture_GL.cpp">
      <Filter>Source Files</Filter>
    </ClCompile>
    <ClCompile Include="src\RenderTarget.cpp">
      <Filter>Source Files</Filter>
    </ClCompile>
    <ClCompile Include="src\Mesh_GL.cpp">
      <Filter>Source Files</Filter>
    </ClCompile>
    <ClCompile Include="src\Transform.cpp">
      <Filter>Source Files</Filter>
    </ClCompile>
    <ClCompile Include="src\Camera.cpp">
      <Filter>Source Files</Filter>
    </ClCompile>
    <ClCompile Include="src\Light.cpp">
      <Filter>Source Files</Filter>
    </ClCompile>
    <ClCompile Include="src\FileReader.cpp">
      <Filter>Source Files</Filter>
    </ClCompile>
    <ClCompile Include="src\RenderPass_Forward.cpp">
      <Filter>Source Files</Filter>
    </ClCompile>
    <ClCompile Include="src\RenderPass_Forward_GL.cpp">
      <Filter>Source Files</Filter>
    </ClCompile>
    <ClCompile Include="src\ResourceLock.cpp">
      <Filter>Source Files</Filter>
    </ClCompile>
    <ClCompile Include="src\Lockable.cpp">
      <Filter>Source Files</Filter>
    </ClCompile>
    <ClCompile Include="src\GpuBuffer_GL.cpp">
      <Filter>Source Files</Filter>
    </ClCompile>
    <ClCompile Include="src\Settings.cpp">
      <Filter>Source Files</Filter>
    </ClCompile>
    <ClCompile Include="src\MaterialBatch_GL.cpp">
      <Filter>Source Files</Filter>
    </ClCompile>
  </ItemGroup>
</Project>